
Microsoft Visual Studio Solution File, Format Version 12.00
# Visual Studio Version 16
VisualStudioVersion = 16.0.28407.52
MinimumVisualStudioVersion = 10.0.40219.1
Project("{8BC9CEB8-8B4A-11D0-8D11-00A0C91BC942}") = "Launcher", "Launcher\Launcher.vcxproj", "{2BD8EEAC-34AB-4B81-8ABF-E1A3CE6309E0}"
EndProject
Project("{8BC9CEB8-8B4A-11D0-8D11-00A0C91BC942}") = "Auto Brightness Adjuster", "Auto Brightness Adjuster\Auto Brightness Adjuster.vcxproj", "{CD3DE097-DA2A-41A7-8C14-9171E51D7955}"
EndProject
Global
	GlobalSection(SolutionConfigurationPlatforms) = preSolution
		Debug|x64 = Debug|x64
		Debug|x86 = Debug|x86
		Release|x64 = Release|x64
		Release|x86 = Release|x86
	EndGlobalSection
	GlobalSection(ProjectConfigurationPlatforms) = postSolution
		{2BD8EEAC-34AB-4B81-8ABF-E1A3CE6309E0}.Debug|x64.ActiveCfg = Debug|x64
		{2BD8EEAC-34AB-4B81-8ABF-E1A3CE6309E0}.Debug|x64.Build.0 = Debug|x64
		{2BD8EEAC-34AB-4B81-8ABF-E1A3CE6309E0}.Debug|x86.ActiveCfg = Debug|Win32
		{2BD8EEAC-34AB-4B81-8ABF-E1A3CE6309E0}.Debug|x86.Build.0 = Debug|Win32
		{2BD8EEAC-34AB-4B81-8ABF-E1A3CE6309E0}.Release|x64.ActiveCfg = Release|x64
		{2BD8EEAC-34AB-4B81-8ABF-E1A3CE6309E0}.Release|x64.Build.0 = Release|x64
		{2BD8EEAC-34AB-4B81-8ABF-E1A3CE6309E0}.Release|x86.ActiveCfg = Release|Win32
		{2BD8EEAC-34AB-4B81-8ABF-E1A3CE6309E0}.Release|x86.Build.0 = Release|Win32
		{CD3DE097-DA2A-41A7-8C14-9171E51D7955}.Debug|x64.ActiveCfg = Debug|x64
		{CD3DE097-DA2A-41A7-8C14-9171E51D7955}.Debug|x64.Build.0 = Debug|x64
		{CD3DE097-DA2A-41A7-8C14-9171E51D7955}.Debug|x86.ActiveCfg = Debug|Win32
		{CD3DE097-DA2A-41A7-8C14-9171E51D7955}.Debug|x86.Build.0 = Debug|Win32
		{CD3DE097-DA2A-41A7-8C14-9171E51D7955}.Release|x64.ActiveCfg = Release|x64
		{CD3DE097-DA2A-41A7-8C14-9171E51D7955}.Release|x64.Build.0 = Release|x64
		{CD3DE097-DA2A-41A7-8C14-9171E51D7955}.Release|x86.ActiveCfg = Release|Win32
		{CD3DE097-DA2A-41A7-8C14-9171E51D7955}.Release|x86.Build.0 = Release|Win32
	EndGlobalSection
	GlobalSection(SolutionProperties) = preSolution
		HideSolutionNode = FALSE
	EndGlobalSection
	GlobalSection(ExtensibilityGlobals) = postSolution
		SolutionGuid = {812BE4CC-A8B5-4519-8CEA-CA3756D5BC51}
	EndGlobalSection
EndGlobal
